
Microsoft Visual Studio Solution File, Format Version 12.00
# Visual Studio Version 17
VisualStudioVersion = 17.5.33516.290
MinimumVisualStudioVersion = 10.0.40219.1
Project("{FAE04EC0-301F-11D3-BF4B-00C04F79EFBC}") = "Studiu_Individual4PV", "Studiu_Individual4PV\Studiu_Individual4PV.csproj", "{92EAC192-18E9-4155-A136-8F03128C08B2}"
EndProject
Global
	GlobalSection(SolutionConfigurationPlatforms) = preSolution
		Debug|Any CPU = Debug|Any CPU
		Release|Any CPU = Release|Any CPU
	EndGlobalSection
	GlobalSection(ProjectConfigurationPlatforms) = postSolution
		{92EAC192-18E9-4155-A136-8F03128C08B2}.Debug|Any CPU.ActiveCfg = Debug|Any CPU
		{92EAC192-18E9-4155-A136-8F03128C08B2}.Debug|Any CPU.Build.0 = Debug|Any CPU
		{92EAC192-18E9-4155-A136-8F03128C08B2}.Release|Any CPU.ActiveCfg = Release|Any CPU
		{92EAC192-18E9-4155-A136-8F03128C08B2}.Release|Any CPU.Build.0 = Release|Any CPU
	EndGlobalSection
	GlobalSection(SolutionProperties) = preSolution
		HideSolutionNode = FALSE
	EndGlobalSection
	GlobalSection(ExtensibilityGlobals) = postSolution
		SolutionGuid = {D9545734-28C0-4E32-9F17-053B88A9C29A}
	EndGlobalSection
EndGlobal
